
Microsoft Visual Studio Solution File, Format Version 12.00
# Visual Studio Version 17
VisualStudioVersion = 17.0.32126.317
MinimumVisualStudioVersion = 10.0.40219.1
Project("{FAE04EC0-301F-11D3-BF4B-00C04F79EFBC}") = "EmergingSoftwareWebApp", "EmergingSoftwareWebApp\EmergingSoftwareWebApp.csproj", "{4A066CAC-81D2-44F4-9962-B46D38E238CC}"
EndProject
Global
	GlobalSection(SolutionConfigurationPlatforms) = preSolution
		Debug|Any CPU = Debug|Any CPU
		Release|Any CPU = Release|Any CPU
	EndGlobalSection
	GlobalSection(ProjectConfigurationPlatforms) = postSolution
		{4A066CAC-81D2-44F4-9962-B46D38E238CC}.Debug|Any CPU.ActiveCfg = Debug|Any CPU
		{4A066CAC-81D2-44F4-9962-B46D38E238CC}.Debug|Any CPU.Build.0 = Debug|Any CPU
		{4A066CAC-81D2-44F4-9962-B46D38E238CC}.Release|Any CPU.ActiveCfg = Release|Any CPU
		{4A066CAC-81D2-44F4-9962-B46D38E238CC}.Release|Any CPU.Build.0 = Release|Any CPU
	EndGlobalSection
	GlobalSection(SolutionProperties) = preSolution
		HideSolutionNode = FALSE
	EndGlobalSection
	GlobalSection(ExtensibilityGlobals) = postSolution
		SolutionGuid = {05CE9423-4F79-42FC-8605-353C1F230CEA}
	EndGlobalSection
EndGlobal
